Microsoft Visual Studio Solution File, Format Version 12.00
# Visual Studio Version 17
VisualStudioVersion = 17.5.2.0
MinimumVisualStudioVersion = 10.0.40219.1
Project("{2150E333-8FDC-42A3-9474-1A3956D46DE8}") = "backend", "backend", "{1AE8ACA6-933B-BF2A-3671-3E2EAC007D16}"
EndProject
Project("{FAE04EC0-301F-11D3-BF4B-00C04F79EFBC}") = "MovieProject.API", "backend\MovieProject.API\MovieProject.API.csproj", "{F5A73D23-5148-8FEF-41E2-10ECB919E961}"
EndProject
Global
	GlobalSection(SolutionConfigurationPlatforms) = preSolution
		Debug|Any CPU = Debug|Any CPU
		Release|Any CPU = Release|Any CPU
	EndGlobalSection
	GlobalSection(ProjectConfigurationPlatforms) = postSolution
		{F5A73D23-5148-8FEF-41E2-10ECB919E961}.Debug|Any CPU.ActiveCfg = Debug|Any CPU
		{F5A73D23-5148-8FEF-41E2-10ECB919E961}.Debug|Any CPU.Build.0 = Debug|Any CPU
		{F5A73D23-5148-8FEF-41E2-10ECB919E961}.Release|Any CPU.ActiveCfg = Release|Any CPU
		{F5A73D23-5148-8FEF-41E2-10ECB919E961}.Release|Any CPU.Build.0 = Release|Any CPU
	EndGlobalSection
	GlobalSection(SolutionProperties) = preSolution
		HideSolutionNode = FALSE
	EndGlobalSection
	GlobalSection(NestedProjects) = preSolution
		{F5A73D23-5148-8FEF-41E2-10ECB919E961} = {1AE8ACA6-933B-BF2A-3671-3E2EAC007D16}
	EndGlobalSection
	GlobalSection(ExtensibilityGlobals) = postSolution
		SolutionGuid = {6B152BC3-778F-4073-A0B3-1F5DE4AB447B}
	EndGlobalSection
EndGlobal
